// !$*UTF8*$!
{
	archiveVersion = 1;
	classes = {
	};
	objectVersion = 46;
	objects = {

/* Begin PBXBuildFile section */
		436FE4541EEDEA7E00087CAF /* main.m in Sources */ = {isa = PBXBuildFile; fileRef = 436FE4531EEDEA7E00087CAF /* main.m */; };
		436FE4571EEDEA7E00087CAF /* AppDelegate.m in Sources */ = {isa = PBXBuildFile; fileRef = 436FE4561EEDEA7E00087CAF /* AppDelegate.m */; };
		436FE45A1EEDEA7E00087CAF /* FirstViewController.m in Sources */ = {isa = PBXBuildFile; fileRef = 436FE4591EEDEA7E00087CAF /* FirstViewController.m */; };
		436FE45D1EEDEA7E00087CAF /* SecondViewController.m in Sources */ = {isa = PBXBuildFile; fileRef = 436FE45C1EEDEA7E00087CAF /* SecondViewController.m */; };
		436FE4601EEDEA7E00087CAF /* Main.storyboard in Resources */ = {isa = PBXBuildFile; fileRef = 436FE45E1EEDEA7E00087CAF /* Main.storyboard */; };
		436FE4621EEDEA7E00087CAF /* Assets.xcassets in Resources */ = {isa = PBXBuildFile; fileRef = 436FE4611EEDEA7E00087CAF /* Assets.xcassets */; };
		436FE4651EEDEA7E00087CAF /* LaunchScreen.storyboard in Resources */ = {isa = PBXBuildFile; fileRef = 436FE4631EEDEA7E00087CAF /* LaunchScreen.storyboard */; };
		436FE46E1EEE068100087CAF /* ThirdViewController.m in Sources */ = {isa = PBXBuildFile; fileRef = 436FE46D1EEE068100087CAF /* ThirdViewController.m */; };
/* End PBXBuildFile section */

/* Begin PBXFileReference section */
		436FE44F1EEDEA7E00087CAF /* NotificationExercise.app */ = {isa = PBXFileReference; explicitFileType = wrapper.application; includeInIndex = 0; path = NotificationExercise.app; sourceTree = BUILT_PRODUCTS_DIR; };
		436FE4531EEDEA7E00087CAF /* main.m */ = {isa = PBXFileReference; lastKnownFileType = sourcecode.c.objc; path = main.m; sourceTree = "<group>"; };
		436FE4551EEDEA7E00087CAF /* AppDelegate.h */ = {isa = PBXFileReference; lastKnownFileType = sourcecode.c.h; path = AppDelegate.h; sourceTree = "<group>"; };
		436FE4561EEDEA7E00087CAF /* AppDelegate.m */ = {isa = PBXFileReference; lastKnownFileType = sourcecode.c.objc; path = AppDelegate.m; sourceTree = "<group>"; };
		436FE4581EEDEA7E00087CAF /* FirstViewController.h */ = {isa = PBXFileReference; lastKnownFileType = sourcecode.c.h; path = FirstViewController.h; sourceTree = "<group>"; };
		436FE4591EEDEA7E00087CAF /* FirstViewController.m */ = {isa = PBXFileReference; lastKnownFileType = sourcecode.c.objc; path = FirstViewController.m; sourceTree = "<group>"; };
		436FE45B1EEDEA7E00087CAF /* SecondViewController.h */ = {isa = PBXFileReference; lastKnownFileType = sourcecode.c.h; path = SecondViewController.h; sourceTree = "<group>"; };
		436FE45C1EEDEA7E00087CAF /* SecondViewController.m */ = {isa = PBXFileReference; lastKnownFileType = sourcecode.c.objc; path = SecondViewController.m; sourceTree = "<group>"; };
		436FE45F1EEDEA7E00087CAF /* Base */ = {isa = PBXFileReference; lastKnownFileType = file.storyboard; name = Base; path = Base.lproj/Main.storyboard; sourceTree = "<group>"; };
		436FE4611EEDEA7E00087CAF /* Assets.xcassets */ = {isa = PBXFileReference; lastKnownFileType = folder.assetcatalog; path = Assets.xcassets; sourceTree = "<group>"; };
		436FE4641EEDEA7E00087CAF /* Base */ = {isa = PBXFileReference; lastKnownFileType = file.storyboard; name = Base; path = Base.lproj/LaunchScreen.storyboard; sourceTree = "<group>"; };
		436FE4661EEDEA7E00087CAF /* Info.plist */ = {isa = PBXFileReference; lastKnownFileType = text.plist.xml; path = Info.plist; sourceTree = "<group>"; };
		436FE46C1EEE068100087CAF /* ThirdViewController.h */ = {isa = PBXFileReference; fileEncoding = 4; lastKnownFileType = sourcecode.c.h; path = ThirdViewController.h; sourceTree = "<group>"; };
		436FE46D1EEE068100087CAF /* ThirdViewController.m */ = {isa = PBXFileReference; fileEncoding = 4; lastKnownFileType = sourcecode.c.objc; path = ThirdViewController.m; sourceTree = "<group>"; };
/* End PBXFileReference section */

/* Begin PBXFrameworksBuildPhase section */
		436FE44C1EEDEA7E00087CAF /* Frameworks */ = {
			isa = PBXFrameworksBuildPhase;
			buildActionMask = 2147483647;
			files = (
			);
			runOnlyForDeploymentPostprocessing = 0;
		};
/* End PBXFrameworksBuildPhase section */

/* Begin PBXGroup section */
		436FE4461EEDEA7E00087CAF = {
			isa = PBXGroup;
			children = (
				436FE4511EEDEA7E00087CAF /* NotificationExercise */,
				436FE4501EEDEA7E00087CAF /* Products */,
			);
			sourceTree = "<group>";
		};
		436FE4501EEDEA7E00087CAF /* Products */ = {
			isa = PBXGroup;
			children = (
				436FE44F1EEDEA7E00087CAF /* NotificationExercise.app */,
			);
			name = Products;
			sourceTree = "<group>";
		};
		436FE4511EEDEA7E00087CAF /* NotificationExercise */ = {
			isa = PBXGroup;
			children = (
				436FE4551EEDEA7E00087CAF /* AppDelegate.h */,
				436FE4561EEDEA7E00087CAF /* AppDelegate.m */,
				436FE4581EEDEA7E00087CAF /* FirstViewController.h */,
				436FE4591EEDEA7E00087CAF /* FirstViewController.m */,
				436FE45B1EEDEA7E00087CAF /* SecondViewController.h */,
				436FE45C1EEDEA7E00087CAF /* SecondViewController.m */,
				436FE46C1EEE068100087CAF /* ThirdViewController.h */,
				436FE46D1EEE068100087CAF /* ThirdViewController.m */,
				436FE45E1EEDEA7E00087CAF /* Main.storyboard */,
				436FE4611EEDEA7E00087CAF /* Assets.xcassets */,
				436FE4631EEDEA7E00087CAF /* LaunchScreen.storyboard */,
				436FE4661EEDEA7E00087CAF /* Info.plist */,
				436FE4521EEDEA7E00087CAF /* Supporting Files */,
			);
			path = NotificationExercise;
			sourceTree = "<group>";
		};
		436FE4521EEDEA7E00087CAF /* Supporting Files */ = {
			isa = PBXGroup;
			children = (
				436FE4531EEDEA7E00087CAF /* main.m */,
			);
			name = "Supporting Files";
			sourceTree = "<group>";
		};
/* End PBXGroup section */

/* Begin PBXNativeTarget section */
		436FE44E1EEDEA7E00087CAF /* NotificationExercise */ = {
			isa = PBXNativeTarget;
			buildConfigurationList = 436FE4691EEDEA7E00087CAF /* Build configuration list for PBXNativeTarget "NotificationExercise" */;
			buildPhases = (
				436FE44B1EEDEA7E00087CAF /* Sources */,
				436FE44C1EEDEA7E00087CAF /* Frameworks */,
				436FE44D1EEDEA7E00087CAF /* Resources */,
			);
			buildRules = (
			);
			dependencies = (
			);
			name = NotificationExercise;
			productName = NotificationExercise;
			productReference = 436FE44F1EEDEA7E00087CAF /* NotificationExercise.app */;
			productType = "com.apple.product-type.application";
		};
/* End PBXNativeTarget section */

/* Begin PBXProject section */
		436FE4471EEDEA7E00087CAF /* Project object */ = {
			isa = PBXProject;
			attributes = {
				LastUpgradeCheck = 0820;
				ORGANIZATIONNAME = "Alex Lee";
				TargetAttributes = {
					436FE44E1EEDEA7E00087CAF = {
						CreatedOnToolsVersion = 8.2.1;
						ProvisioningStyle = Automatic;
					};
				};
			};
			buildConfigurationList = 436FE44A1EEDEA7E00087CAF /* Build configuration list for PBXProject "NotificationExercise" */;
			compatibilityVersion = "Xcode 3.2";
			developmentRegion = English;
			hasScannedForEncodings = 0;
			knownRegions = (
				en,
				Base,
			);
			mainGroup = 436FE4461EEDEA7E00087CAF;
			productRefGroup = 436FE4501EEDEA7E00087CAF /* Products */;
			projectDirPath = "";
			projectRoot = "";
			targets = (
				436FE44E1EEDEA7E00087CAF /* NotificationExercise */,
			);
		};
/* End PBXProject section */

/* Begin PBXResourcesBuildPhase section */
		436FE44D1EEDEA7E00087CAF /* Resources */ = {
			isa = PBXResourcesBuildPhase;
			buildActionMask = 2147483647;
			files = (
				436FE4651EEDEA7E00087CAF /* LaunchScreen.storyboard in Resources */,
				436FE4621EEDEA7E00087CAF /* Assets.xcassets in Resources */,
				436FE4601EEDEA7E00087CAF /* Main.storyboard in Resources */,
			);
			runOnlyForDeploymentPostprocessing = 0;
		};
/* End PBXResourcesBuildPhase section */

/* Begin PBXSourcesBuildPhase section */
		436FE44B1EEDEA7E00087CAF /* Sources */ = {
			isa = PBXSourcesBuildPhase;
			buildActionMask = 2147483647;
			files = (
				436FE45D1EEDEA7E00087CAF /* SecondViewController.m in Sources */,
				436FE46E1EEE068100087CAF /* ThirdViewController.m in Sources */,
				436FE4571EEDEA7E00087CAF /* AppDelegate.m in Sources */,
				436FE45A1EEDEA7E00087CAF /* FirstViewController.m in Sources */,
				436FE4541EEDEA7E00087CAF /* main.m in Sources */,
			);
			runOnlyForDeploymentPostprocessing = 0;
		};
/* End PBXSourcesBuildPhase section */

/* Begin PBXVariantGroup section */
		436FE45E1EEDEA7E00087CAF /* Main.storyboard */ = {
			isa = PBXVariantGroup;
			children = (
				436FE45F1EEDEA7E00087CAF /* Base */,
			);
			name = Main.storyboard;
			sourceTree = "<group>";
		};
		436FE4631EEDEA7E00087CAF /* LaunchScreen.storyboard */ = {
			isa = PBXVariantGroup;
			children = (
				436FE4641EEDEA7E00087CAF /* Base */,
			);
			name = LaunchScreen.storyboard;
			sourceTree = "<group>";
		};
/* End PBXVariantGroup section */

/* Begin XCBuildConfiguration section */
		436FE4671EEDEA7E00087CAF /* Debug */ = {
			isa = XCBuildConfiguration;
			buildSettings = {
				ALWAYS_SEARCH_USER_PATHS = NO;
				CLANG_ANALYZER_NONNULL = YES;
				CLANG_CXX_LANGUAGE_STANDARD = "gnu++0x";
				CLANG_CXX_LIBRARY = "libc++";
				CLANG_ENABLE_MODULES = YES;
				CLANG_ENABLE_OBJC_ARC = YES;
				CLANG_WARN_BOOL_CONVERSION = YES;
				CLANG_WARN_CONSTANT_CONVERSION = YES;
				CLANG_WARN_DIRECT_OBJC_ISA_USAGE = YES_ERROR;
				CLANG_WARN_DOCUMENTATION_COMMENTS = YES;
				CLANG_WARN_EMPTY_BODY = YES;
				CLANG_WARN_ENUM_CONVERSION = YES;
				CLANG_WARN_INFINITE_RECURSION = YES;
				CLANG_WARN_INT_CONVERSION = YES;
				CLANG_WARN_OBJC_ROOT_CLASS = YES_ERROR;
				CLANG_WARN_SUSPICIOUS_MOVE = YES;
				CLANG_WARN_UNREACHABLE_CODE = YES;
				CLANG_WARN__DUPLICATE_METHOD_MATCH = YES;
				"CODE_SIGN_IDENTITY[sdk=iphoneos*]" = "iPhone Developer";
				COPY_PHASE_STRIP = NO;
				DEBUG_INFORMATION_FORMAT = dwarf;
				ENABLE_STRICT_OBJC_MSGSEND = YES;
				ENABLE_TESTABILITY = YES;
				GCC_C_LANGUAGE_STANDARD = gnu99;
				GCC_DYNAMIC_NO_PIC = NO;
				GCC_NO_COMMON_BLOCKS = YES;
				GCC_OPTIMIZATION_LEVEL = 0;
				GCC_PREPROCESSOR_DEFINITIONS = (
					"DEBUG=1",
					"$(inherited)",
				);
				GCC_WARN_64_TO_32_BIT_CONVERSION = YES;
				GCC_WARN_ABOUT_RETURN_TYPE = YES_ERROR;
				GCC_WARN_UNDECLARED_SELECTOR = YES;
				GCC_WARN_UNINITIALIZED_AUTOS = YES_AGGRESSIVE;
				GCC_WARN_UNUSED_FUNCTION = YES;
				GCC_WARN_UNUSED_VARIABLE = YES;
				IPHONEOS_DEPLOYMENT_TARGET = 10.2;
				MTL_ENABLE_DEBUG_INFO = YES;
				ONLY_ACTIVE_ARCH = YES;
				SDKROOT = iphoneos;
				TARGETED_DEVICE_FAMILY = "1,2";
			};
			name = Debug;
		};
		436FE4681EEDEA7E00087CAF /* Release */ = {
			isa = XCBuildConfiguration;
			buildSettings = {
				ALWAYS_SEARCH_USER_PATHS = NO;
				CLANG_ANALYZER_NONNULL = YES;
				CLANG_CXX_LANGUAGE_STANDARD = "gnu++0x";
				CLANG_CXX_LIBRARY = "libc++";
				CLANG_ENABLE_MODULES = YES;
				CLANG_ENABLE_OBJC_ARC = YES;
				CLANG_WARN_BOOL_CONVERSION = YES;
				CLANG_WARN_CONSTANT_CONVERSION = YES;
				CLANG_WARN_DIRECT_OBJC_ISA_USAGE = YES_ERROR;
				CLANG_WARN_DOCUMENTATION_COMMENTS = YES;
				CLANG_WARN_EMPTY_BODY = YES;
				CLANG_WARN_ENUM_CONVERSION = YES;
				CLANG_WARN_INFINITE_RECURSION = YES;
				CLANG_WARN_INT_CONVERSION = YES;
				CLANG_WARN_OBJC_ROOT_CLASS = YES_ERROR;
				CLANG_WARN_SUSPICIOUS_MOVE = YES;
				CLANG_WARN_UNREACHABLE_CODE = YES;
				CLANG_WARN__DUPLICATE_METHOD_MATCH = YES;
				"CODE_SIGN_IDENTITY[sdk=iphoneos*]" = "iPhone Developer";
				COPY_PHASE_STRIP = NO;
				DEBUG_INFORMATION_FORMAT = "dwarf-with-dsym";
				ENABLE_NS_ASSERTIONS = NO;
				ENABLE_STRICT_OBJC_MSGSEND = YES;
				GCC_C_LANGUAGE_STANDARD = gnu99;
				GCC_NO_COMMON_BLOCKS = YES;
				GCC_WARN_64_TO_32_BIT_CONVERSION = YES;
				GCC_WARN_ABOUT_RETURN_TYPE = YES_ERROR;
				GCC_WARN_UNDECLARED_SELECTOR = YES;
				GCC_WARN_UNINITIALIZED_AUTOS = YES_AGGRESSIVE;
				GCC_WARN_UNUSED_FUNCTION = YES;
				GCC_WARN_UNUSED_VARIABLE = YES;
				IPHONEOS_DEPLOYMENT_TARGET = 10.2;
				MTL_ENABLE_DEBUG_INFO = NO;
				SDKROOT = iphoneos;
				TARGETED_DEVICE_FAMILY = "1,2";
				VALIDATE_PRODUCT = YES;
			};
			name = Release;
		};
		436FE46A1EEDEA7E00087CAF /* Debug */ = {
			isa = XCBuildConfiguration;
			buildSettings = {
				ASSETCATALOG_COMPILER_APPICON_NAME = AppIcon;
				INFOPLIST_FILE = NotificationExercise/Info.plist;
				LD_RUNPATH_SEARCH_PATHS = "$(inherited) @executable_path/Frameworks";
				PRODUCT_BUNDLE_IDENTIFIER = com.alexlee.NotificationExercise;
				PRODUCT_NAME = "$(TARGET_NAME)";
			};
			name = Debug;
		};
		436FE46B1EEDEA7E00087CAF /* Release */ = {
			isa = XCBuildConfiguration;
			buildSettings = {
				ASSETCATALOG_COMPILER_APPICON_NAME = AppIcon;
				INFOPLIST_FILE = NotificationExercise/Info.plist;
				LD_RUNPATH_SEARCH_PATHS = "$(inherited) @executable_path/Frameworks";
				PRODUCT_BUNDLE_IDENTIFIER = com.alexlee.NotificationExercise;
				PRODUCT_NAME = "$(TARGET_NAME)";
			};
			name = Release;
		};
/* End XCBuildConfiguration section */

/* Begin XCConfigurationList section */
		436FE44A1EEDEA7E00087CAF /* Build configuration list for PBXProject "NotificationExercise" */ = {
			isa = XCConfigurationList;
			buildConfigurations = (
				436FE4671EEDEA7E00087CAF /* Debug */,
				436FE4681EEDEA7E00087CAF /* Release */,
			);
			defaultConfigurationIsVisible = 0;
			defaultConfigurationName = Release;
		};
		436FE4691EEDEA7E00087CAF /* Build configuration list for PBXNativeTarget "NotificationExercise" */ = {
			isa = XCConfigurationList;
			buildConfigurations = (
				436FE46A1EEDEA7E00087CAF /* Debug */,
				436FE46B1EEDEA7E00087CAF /* Release */,
			);
			defaultConfigurationIsVisible = 0;
		};
/* End XCConfigurationList section */
	};
	rootObject = 436FE4471EEDEA7E00087CAF /* Project object */;
}
